lockfileVersion: '9.0'

settings:
  autoInstallPeers: true
  excludeLinksFromLockfile: false

importers:

  .:
    dependencies:
      '@tauri-apps/plugin-http':
        specifier: ~2.6.0
        version: 2.6.0
      '@tauri-apps/plugin-store':
        specifier: ~2.4.4
        version: 2.4.4
      tauri-plugin-background-service:
        specifier: ^1.0.1
        version: 1.0.1

packages:

  '@tauri-apps/api@2.11.1':
    resolution: {integrity: sha512-M2FPuYND2m+wh5hfW9ZpSdxMPdEJovPBWwoHJmwUpysTYNHaOkVFN419m/K0LIgjb/7KU2vBgsUepJWugQCvAA==}

  '@tauri-apps/plugin-http@2.6.0':
    resolution: {integrity: sha512-QYXwbGb4hQ9/8Riv/ejU/kPFFnbBIrBcWwV1LIXv2xBKfoj8lkWfGkd9pkCSsBI/pljPtz+IPqfrE3t3bVl3mg==}

  '@tauri-apps/plugin-store@2.4.4':
    resolution: {integrity: sha512-oxSMaj/QpVfJcBMYX5aOQV94fWvga0MwQMfD6TLlbK2dh+ShPWAzefd8HWXhvOKjPRJdGVAkW7ZGO76JzzjaDA==}

  tauri-plugin-background-service@1.0.1:
    resolution: {integrity: sha512-mXx0TMgQK6eWT7yiWFTGVlQZrhRkmQC50Kt3ZGShvdTiIhV3lOucXNXQdo6XHICmrvx46CkU+UV6UsgbyfHhzw==}

snapshots:

  '@tauri-apps/api@2.11.1': {}

  '@tauri-apps/plugin-http@2.6.0':
    dependencies:
      '@tauri-apps/api': 2.11.1

  '@tauri-apps/plugin-store@2.4.4':
    dependencies:
      '@tauri-apps/api': 2.11.1

  tauri-plugin-background-service@1.0.1:
    dependencies:
      '@tauri-apps/api': 2.11.1
